hash: ed1cc4e197e7ac268f61593714082df59f92a4c3ff0aaa6f4e413c2c99f4c659
updated: 2016-10-12T00:40:08.021474357-04:00
imports:
- name: github.com/gin-gonic/gin
  version: e2fa89777e344782ef5d31929f095f4589c35dcc
  subpackages:
  - binding
  - render
- name: github.com/julienschmidt/httprouter
  version: b428fda53bb0a764fea9c76c9413512eda291dec
- name: github.com/mattn/go-colorable
  version: 6c903ff4aa50920ca86087a280590b36b3152b9c
- name: github.com/mattn/go-isatty
  version: 66b8e73f3f5cda9f96b69efd03dd3d7fc4a5cdb8
- name: golang.org/x/sys
  version: 9bb9f0998d48b31547d975974935ae9b48c7a03c
  subpackages:
  - unix
testImports: []
